// !$*UTF8*$!
{
	archiveVersion = 1;
	classes = {
	};
	objectVersion = 56;
	objects = {

/* Begin PBXBuildFile section */
		31163F062AEECEB80095B8D4 /* SmileGen2AppApp.swift in Sources */ = {isa = PBXBuildFile; fileRef = 31163F052AEECEB80095B8D4 /* SmileGen2AppApp.swift */; };
		31163F082AEECEB80095B8D4 /* ContentView.swift in Sources */ = {isa = PBXBuildFile; fileRef = 31163F072AEECEB80095B8D4 /* ContentView.swift */; };
		31163F0A2AEECEBB0095B8D4 /* Assets.xcassets in Resources */ = {isa = PBXBuildFile; fileRef = 31163F092AEECEBB0095B8D4 /* Assets.xcassets */; };
		31163F0D2AEECEBB0095B8D4 /* Preview Assets.xcassets in Resources */ = {isa = PBXBuildFile; fileRef = 31163F0C2AEECEBB0095B8D4 /* Preview Assets.xcassets */; };
		31163F172AEECEE50095B8D4 /* Home.swift in Sources */ = {isa = PBXBuildFile; fileRef = 31163F162AEECEE50095B8D4 /* Home.swift */; };
		31163F1A2AEED1090095B8D4 /* CColorPicker.swift in Sources */ = {isa = PBXBuildFile; fileRef = 31163F192AEED1090095B8D4 /* CColorPicker.swift */; };
		31163F1C2AEED4050095B8D4 /* CSmilePicker.swift in Sources */ = {isa = PBXBuildFile; fileRef = 31163F1B2AEED4050095B8D4 /* CSmilePicker.swift */; };
		31163F1E2AEEFD990095B8D4 /* Settings.swift in Sources */ = {isa = PBXBuildFile; fileRef = 31163F1D2AEEFD990095B8D4 /* Settings.swift */; };
/* End PBXBuildFile section */

/* Begin PBXFileReference section */
		31163F022AEECEB80095B8D4 /* SmileGen2App.app */ = {isa = PBXFileReference; explicitFileType = wrapper.application; includeInIndex = 0; path = SmileGen2App.app; sourceTree = BUILT_PRODUCTS_DIR; };
		31163F052AEECEB80095B8D4 /* SmileGen2AppApp.swift */ = {isa = PBXFileReference; lastKnownFileType = sourcecode.swift; path = SmileGen2AppApp.swift; sourceTree = "<group>"; };
		31163F072AEECEB80095B8D4 /* ContentView.swift */ = {isa = PBXFileReference; lastKnownFileType = sourcecode.swift; path = ContentView.swift; sourceTree = "<group>"; };
		31163F092AEECEBB0095B8D4 /* Assets.xcassets */ = {isa = PBXFileReference; lastKnownFileType = folder.assetcatalog; path = Assets.xcassets; sourceTree = "<group>"; };
		31163F0C2AEECEBB0095B8D4 /* Preview Assets.xcassets */ = {isa = PBXFileReference; lastKnownFileType = folder.assetcatalog; path = "Preview Assets.xcassets"; sourceTree = "<group>"; };
		31163F0E2AEECEBB0095B8D4 /* SmileGen2App.entitlements */ = {isa = PBXFileReference; lastKnownFileType = text.plist.entitlements; path = SmileGen2App.entitlements; sourceTree = "<group>"; };
		31163F162AEECEE50095B8D4 /* Home.swift */ = {isa = PBXFileReference; lastKnownFileType = sourcecode.swift; path = Home.swift; sourceTree = "<group>"; };
		31163F192AEED1090095B8D4 /* CColorPicker.swift */ = {isa = PBXFileReference; lastKnownFileType = sourcecode.swift; path = CColorPicker.swift; sourceTree = "<group>"; };
		31163F1B2AEED4050095B8D4 /* CSmilePicker.swift */ = {isa = PBXFileReference; lastKnownFileType = sourcecode.swift; path = CSmilePicker.swift; sourceTree = "<group>"; };
		31163F1D2AEEFD990095B8D4 /* Settings.swift */ = {isa = PBXFileReference; lastKnownFileType = sourcecode.swift; path = Settings.swift; sourceTree = "<group>"; };
/* End PBXFileReference section */

/* Begin PBXFrameworksBuildPhase section */
		31163EFF2AEECEB80095B8D4 /* Frameworks */ = {
			isa = PBXFrameworksBuildPhase;
			buildActionMask = 2147483647;
			files = (
			);
			runOnlyForDeploymentPostprocessing = 0;
		};
/* End PBXFrameworksBuildPhase section */

/* Begin PBXGroup section */
		31163EF92AEECEB80095B8D4 = {
			isa = PBXGroup;
			children = (
				31163F042AEECEB80095B8D4 /* SmileGen2App */,
				31163F032AEECEB80095B8D4 /* Products */,
			);
			sourceTree = "<group>";
		};
		31163F032AEECEB80095B8D4 /* Products */ = {
			isa = PBXGroup;
			children = (
				31163F022AEECEB80095B8D4 /* SmileGen2App.app */,
			);
			name = Products;
			sourceTree = "<group>";
		};
		31163F042AEECEB80095B8D4 /* SmileGen2App */ = {
			isa = PBXGroup;
			children = (
				31163F182AEECEFC0095B8D4 /* Other */,
				31163F152AEECED30095B8D4 /* Model */,
				31163F142AEECECD0095B8D4 /* View */,
				31163F092AEECEBB0095B8D4 /* Assets.xcassets */,
				31163F0E2AEECEBB0095B8D4 /* SmileGen2App.entitlements */,
				31163F0B2AEECEBB0095B8D4 /* Preview Content */,
			);
			path = SmileGen2App;
			sourceTree = "<group>";
		};
		31163F0B2AEECEBB0095B8D4 /* Preview Content */ = {
			isa = PBXGroup;
			children = (
				31163F0C2AEECEBB0095B8D4 /* Preview Assets.xcassets */,
			);
			path = "Preview Content";
			sourceTree = "<group>";
		};
		31163F142AEECECD0095B8D4 /* View */ = {
			isa = PBXGroup;
			children = (
				31163F162AEECEE50095B8D4 /* Home.swift */,
				31163F072AEECEB80095B8D4 /* ContentView.swift */,
				31163F192AEED1090095B8D4 /* CColorPicker.swift */,
				31163F1B2AEED4050095B8D4 /* CSmilePicker.swift */,
				31163F1D2AEEFD990095B8D4 /* Settings.swift */,
			);
			path = View;
			sourceTree = "<group>";
		};
		31163F152AEECED30095B8D4 /* Model */ = {
			isa = PBXGroup;
			children = (
			);
			path = Model;
			sourceTree = "<group>";
		};
		31163F182AEECEFC0095B8D4 /* Other */ = {
			isa = PBXGroup;
			children = (
				31163F052AEECEB80095B8D4 /* SmileGen2AppApp.swift */,
			);
			path = Other;
			sourceTree = "<group>";
		};
/* End PBXGroup section */

/* Begin PBXNativeTarget section */
		31163F012AEECEB80095B8D4 /* SmileGen2App */ = {
			isa = PBXNativeTarget;
			buildConfigurationList = 31163F112AEECEBB0095B8D4 /* Build configuration list for PBXNativeTarget "SmileGen2App" */;
			buildPhases = (
				31163EFE2AEECEB80095B8D4 /* Sources */,
				31163EFF2AEECEB80095B8D4 /* Frameworks */,
				31163F002AEECEB80095B8D4 /* Resources */,
			);
			buildRules = (
			);
			dependencies = (
			);
			name = SmileGen2App;
			productName = SmileGen2App;
			productReference = 31163F022AEECEB80095B8D4 /* SmileGen2App.app */;
			productType = "com.apple.product-type.application";
		};
/* End PBXNativeTarget section */

/* Begin PBXProject section */
		31163EFA2AEECEB80095B8D4 /* Project object */ = {
			isa = PBXProject;
			attributes = {
				BuildIndependentTargetsInParallel = 1;
				LastSwiftUpdateCheck = 1420;
				LastUpgradeCheck = 1420;
				TargetAttributes = {
					31163F012AEECEB80095B8D4 = {
						CreatedOnToolsVersion = 14.2;
					};
				};
			};
			buildConfigurationList = 31163EFD2AEECEB80095B8D4 /* Build configuration list for PBXProject "SmileGen2App" */;
			compatibilityVersion = "Xcode 14.0";
			developmentRegion = en;
			hasScannedForEncodings = 0;
			knownRegions = (
				en,
				Base,
			);
			mainGroup = 31163EF92AEECEB80095B8D4;
			productRefGroup = 31163F032AEECEB80095B8D4 /* Products */;
			projectDirPath = "";
			projectRoot = "";
			targets = (
				31163F012AEECEB80095B8D4 /* SmileGen2App */,
			);
		};
/* End PBXProject section */

/* Begin PBXResourcesBuildPhase section */
		31163F002AEECEB80095B8D4 /* Resources */ = {
			isa = PBXResourcesBuildPhase;
			buildActionMask = 2147483647;
			files = (
				31163F0D2AEECEBB0095B8D4 /* Preview Assets.xcassets in Resources */,
				31163F0A2AEECEBB0095B8D4 /* Assets.xcassets in Resources */,
			);
			runOnlyForDeploymentPostprocessing = 0;
		};
/* End PBXResourcesBuildPhase section */

/* Begin PBXSourcesBuildPhase section */
		31163EFE2AEECEB80095B8D4 /* Sources */ = {
			isa = PBXSourcesBuildPhase;
			buildActionMask = 2147483647;
			files = (
				31163F1E2AEEFD990095B8D4 /* Settings.swift in Sources */,
				31163F082AEECEB80095B8D4 /* ContentView.swift in Sources */,
				31163F1A2AEED1090095B8D4 /* CColorPicker.swift in Sources */,
				31163F172AEECEE50095B8D4 /* Home.swift in Sources */,
				31163F1C2AEED4050095B8D4 /* CSmilePicker.swift in Sources */,
				31163F062AEECEB80095B8D4 /* SmileGen2AppApp.swift in Sources */,
			);
			runOnlyForDeploymentPostprocessing = 0;
		};
/* End PBXSourcesBuildPhase section */

/* Begin XCBuildConfiguration section */
		31163F0F2AEECEBB0095B8D4 /* Debug */ = {
			isa = XCBuildConfiguration;
			buildSettings = {
				ALWAYS_SEARCH_USER_PATHS = NO;
				CLANG_ANALYZER_NONNULL = YES;
				CLANG_ANALYZER_NUMBER_OBJECT_CONVERSION = YES_AGGRESSIVE;
				CLANG_CXX_LANGUAGE_STANDARD = "gnu++20";
				CLANG_ENABLE_MODULES = YES;
				CLANG_ENABLE_OBJC_ARC = YES;
				CLANG_ENABLE_OBJC_WEAK = YES;
				CLANG_WARN_BLOCK_CAPTURE_AUTORELEASING = YES;
				CLANG_WARN_BOOL_CONVERSION = YES;
				CLANG_WARN_COMMA = YES;
				CLANG_WARN_CONSTANT_CONVERSION = YES;
				CLANG_WARN_DEPRECATED_OBJC_IMPLEMENTATIONS = YES;
				CLANG_WARN_DIRECT_OBJC_ISA_USAGE = YES_ERROR;
				CLANG_WARN_DOCUMENTATION_COMMENTS = YES;
				CLANG_WARN_EMPTY_BODY = YES;
				CLANG_WARN_ENUM_CONVERSION = YES;
				CLANG_WARN_INFINITE_RECURSION = YES;
				CLANG_WARN_INT_CONVERSION = YES;
				CLANG_WARN_NON_LITERAL_NULL_CONVERSION = YES;
				CLANG_WARN_OBJC_IMPLICIT_RETAIN_SELF = YES;
				CLANG_WARN_OBJC_LITERAL_CONVERSION = YES;
				CLANG_WARN_OBJC_ROOT_CLASS = YES_ERROR;
				CLANG_WARN_QUOTED_INCLUDE_IN_FRAMEWORK_HEADER = YES;
				CLANG_WARN_RANGE_LOOP_ANALYSIS = YES;
				CLANG_WARN_STRICT_PROTOTYPES = YES;
				CLANG_WARN_SUSPICIOUS_MOVE = YES;
				CLANG_WARN_UNGUARDED_AVAILABILITY = YES_AGGRESSIVE;
				CLANG_WARN_UNREACHABLE_CODE = YES;
				CLANG_WARN__DUPLICATE_METHOD_MATCH = YES;
				COPY_PHASE_STRIP = NO;
				DEBUG_INFORMATION_FORMAT = dwarf;
				ENABLE_STRICT_OBJC_MSGSEND = YES;
				ENABLE_TESTABILITY = YES;
				GCC_C_LANGUAGE_STANDARD = gnu11;
				GCC_DYNAMIC_NO_PIC = NO;
				GCC_NO_COMMON_BLOCKS = YES;
				GCC_OPTIMIZATION_LEVEL = 0;
				GCC_PREPROCESSOR_DEFINITIONS = (
					"DEBUG=1",
					"$(inherited)",
				);
				GCC_WARN_64_TO_32_BIT_CONVERSION = YES;
				GCC_WARN_ABOUT_RETURN_TYPE = YES_ERROR;
				GCC_WARN_UNDECLARED_SELECTOR = YES;
				GCC_WARN_UNINITIALIZED_AUTOS = YES_AGGRESSIVE;
				GCC_WARN_UNUSED_FUNCTION = YES;
				GCC_WARN_UNUSED_VARIABLE = YES;
				MACOSX_DEPLOYMENT_TARGET = 12.7;
				MTL_ENABLE_DEBUG_INFO = INCLUDE_SOURCE;
				MTL_FAST_MATH = YES;
				ONLY_ACTIVE_ARCH = YES;
				SDKROOT = macosx;
				SWIFT_ACTIVE_COMPILATION_CONDITIONS = DEBUG;
				SWIFT_OPTIMIZATION_LEVEL = "-Onone";
			};
			name = Debug;
		};
		31163F102AEECEBB0095B8D4 /* Release */ = {
			isa = XCBuildConfiguration;
			buildSettings = {
				ALWAYS_SEARCH_USER_PATHS = NO;
				CLANG_ANALYZER_NONNULL = YES;
				CLANG_ANALYZER_NUMBER_OBJECT_CONVERSION = YES_AGGRESSIVE;
				CLANG_CXX_LANGUAGE_STANDARD = "gnu++20";
				CLANG_ENABLE_MODULES = YES;
				CLANG_ENABLE_OBJC_ARC = YES;
				CLANG_ENABLE_OBJC_WEAK = YES;
				CLANG_WARN_BLOCK_CAPTURE_AUTORELEASING = YES;
				CLANG_WARN_BOOL_CONVERSION = YES;
				CLANG_WARN_COMMA = YES;
				CLANG_WARN_CONSTANT_CONVERSION = YES;
				CLANG_WARN_DEPRECATED_OBJC_IMPLEMENTATIONS = YES;
				CLANG_WARN_DIRECT_OBJC_ISA_USAGE = YES_ERROR;
				CLANG_WARN_DOCUMENTATION_COMMENTS = YES;
				CLANG_WARN_EMPTY_BODY = YES;
				CLANG_WARN_ENUM_CONVERSION = YES;
				CLANG_WARN_INFINITE_RECURSION = YES;
				CLANG_WARN_INT_CONVERSION = YES;
				CLANG_WARN_NON_LITERAL_NULL_CONVERSION = YES;
				CLANG_WARN_OBJC_IMPLICIT_RETAIN_SELF = YES;
				CLANG_WARN_OBJC_LITERAL_CONVERSION = YES;
				CLANG_WARN_OBJC_ROOT_CLASS = YES_ERROR;
				CLANG_WARN_QUOTED_INCLUDE_IN_FRAMEWORK_HEADER = YES;
				CLANG_WARN_RANGE_LOOP_ANALYSIS = YES;
				CLANG_WARN_STRICT_PROTOTYPES = YES;
				CLANG_WARN_SUSPICIOUS_MOVE = YES;
				CLANG_WARN_UNGUARDED_AVAILABILITY = YES_AGGRESSIVE;
				CLANG_WARN_UNREACHABLE_CODE = YES;
				CLANG_WARN__DUPLICATE_METHOD_MATCH = YES;
				COPY_PHASE_STRIP = NO;
				DEBUG_INFORMATION_FORMAT = "dwarf-with-dsym";
				ENABLE_NS_ASSERTIONS = NO;
				ENABLE_STRICT_OBJC_MSGSEND = YES;
				GCC_C_LANGUAGE_STANDARD = gnu11;
				GCC_NO_COMMON_BLOCKS = YES;
				GCC_WARN_64_TO_32_BIT_CONVERSION = YES;
				GCC_WARN_ABOUT_RETURN_TYPE = YES_ERROR;
				GCC_WARN_UNDECLARED_SELECTOR = YES;
				GCC_WARN_UNINITIALIZED_AUTOS = YES_AGGRESSIVE;
				GCC_WARN_UNUSED_FUNCTION = YES;
				GCC_WARN_UNUSED_VARIABLE = YES;
				MACOSX_DEPLOYMENT_TARGET = 12.7;
				MTL_ENABLE_DEBUG_INFO = NO;
				MTL_FAST_MATH = YES;
				SDKROOT = macosx;
				SWIFT_COMPILATION_MODE = wholemodule;
				SWIFT_OPTIMIZATION_LEVEL = "-O";
			};
			name = Release;
		};
		31163F122AEECEBB0095B8D4 /* Debug */ = {
			isa = XCBuildConfiguration;
			buildSettings = {
				ASSETCATALOG_COMPILER_APPICON_NAME = AppIcon;
				ASSETCATALOG_COMPILER_GLOBAL_ACCENT_COLOR_NAME = AccentColor;
				CODE_SIGN_ENTITLEMENTS = SmileGen2App/SmileGen2App.entitlements;
				CODE_SIGN_STYLE = Automatic;
				COMBINE_HIDPI_IMAGES = YES;
				CURRENT_PROJECT_VERSION = 1;
				DEVELOPMENT_ASSET_PATHS = "\"SmileGen2App/Preview Content\"";
				DEVELOPMENT_TEAM = 2B28MKQ4G8;
				ENABLE_HARDENED_RUNTIME = YES;
				ENABLE_PREVIEWS = YES;
				GENERATE_INFOPLIST_FILE = YES;
				INFOPLIST_KEY_NSHumanReadableCopyright = "";
				LD_RUNPATH_SEARCH_PATHS = (
					"$(inherited)",
					"@executable_path/../Frameworks",
				);
				MARKETING_VERSION = 1.0;
				PRODUCT_BUNDLE_IDENTIFIER = com.arovdev.SmileGen2App;
				PRODUCT_NAME = "$(TARGET_NAME)";
				SWIFT_EMIT_LOC_STRINGS = YES;
				SWIFT_VERSION = 5.0;
			};
			name = Debug;
		};
		31163F132AEECEBB0095B8D4 /* Release */ = {
			isa = XCBuildConfiguration;
			buildSettings = {
				ASSETCATALOG_COMPILER_APPICON_NAME = AppIcon;
				ASSETCATALOG_COMPILER_GLOBAL_ACCENT_COLOR_NAME = AccentColor;
				CODE_SIGN_ENTITLEMENTS = SmileGen2App/SmileGen2App.entitlements;
				CODE_SIGN_STYLE = Automatic;
				COMBINE_HIDPI_IMAGES = YES;
				CURRENT_PROJECT_VERSION = 1;
				DEVELOPMENT_ASSET_PATHS = "\"SmileGen2App/Preview Content\"";
				DEVELOPMENT_TEAM = 2B28MKQ4G8;
				ENABLE_HARDENED_RUNTIME = YES;
				ENABLE_PREVIEWS = YES;
				GENERATE_INFOPLIST_FILE = YES;
				INFOPLIST_KEY_NSHumanReadableCopyright = "";
				LD_RUNPATH_SEARCH_PATHS = (
					"$(inherited)",
					"@executable_path/../Frameworks",
				);
				MARKETING_VERSION = 1.0;
				PRODUCT_BUNDLE_IDENTIFIER = com.arovdev.SmileGen2App;
				PRODUCT_NAME = "$(TARGET_NAME)";
				SWIFT_EMIT_LOC_STRINGS = YES;
				SWIFT_VERSION = 5.0;
			};
			name = Release;
		};
/* End XCBuildConfiguration section */

/* Begin XCConfigurationList section */
		31163EFD2AEECEB80095B8D4 /* Build configuration list for PBXProject "SmileGen2App" */ = {
			isa = XCConfigurationList;
			buildConfigurations = (
				31163F0F2AEECEBB0095B8D4 /* Debug */,
				31163F102AEECEBB0095B8D4 /* Release */,
			);
			defaultConfigurationIsVisible = 0;
			defaultConfigurationName = Release;
		};
		31163F112AEECEBB0095B8D4 /* Build configuration list for PBXNativeTarget "SmileGen2App" */ = {
			isa = XCConfigurationList;
			buildConfigurations = (
				31163F122AEECEBB0095B8D4 /* Debug */,
				31163F132AEECEBB0095B8D4 /* Release */,
			);
			defaultConfigurationIsVisible = 0;
			defaultConfigurationName = Release;
		};
/* End XCConfigurationList section */
	};
	rootObject = 31163EFA2AEECEB80095B8D4 /* Project object */;
}
